Microsoft Visual Studio Solution File, Format Version 12.00
# Visual Studio Version 17
VisualStudioVersion = 17.5.2.0
MinimumVisualStudioVersion = 10.0.40219.1
Project("{FAE04EC0-301F-11D3-BF4B-00C04F79EFBC}") = "RabbitCloudPOC", "RabbitCloudPOC.csproj", "{8BEA2EB1-6F81-4675-BCA7-08F9DA387C79}"
EndProject
Global
	GlobalSection(SolutionConfigurationPlatforms) = preSolution
		Debug|Any CPU = Debug|Any CPU
		Release|Any CPU = Release|Any CPU
	EndGlobalSection
	GlobalSection(ProjectConfigurationPlatforms) = postSolution
		{8BEA2EB1-6F81-4675-BCA7-08F9DA387C79}.Debug|Any CPU.ActiveCfg = Debug|Any CPU
		{8BEA2EB1-6F81-4675-BCA7-08F9DA387C79}.Debug|Any CPU.Build.0 = Debug|Any CPU
		{8BEA2EB1-6F81-4675-BCA7-08F9DA387C79}.Release|Any CPU.ActiveCfg = Release|Any CPU
		{8BEA2EB1-6F81-4675-BCA7-08F9DA387C79}.Release|Any CPU.Build.0 = Release|Any CPU
	EndGlobalSection
	GlobalSection(SolutionProperties) = preSolution
		HideSolutionNode = FALSE
	EndGlobalSection
	GlobalSection(ExtensibilityGlobals) = postSolution
		SolutionGuid = {5577E201-1C63-4C01-AD2B-95C9AF22E473}
	EndGlobalSection
EndGlobal
